
Microsoft Visual Studio Solution File, Format Version 12.00
# Visual Studio Version 17
VisualStudioVersion = 17.0.31903.59
MinimumVisualStudioVersion = 10.0.40219.1
Project("{2150E333-8FDC-42A3-9474-1A3956D46DE8}") = "src", "src", "{827E0CD3-B72D-47B6-A68D-7590B98EB39B}"
EndProject
Project("{FAE04EC0-301F-11D3-BF4B-00C04F79EFBC}") = "DbRouter.Core", "src\DbRouter.Core\DbRouter.Core.csproj", "{1F725A01-39FA-4E57-8AA6-6E1B06BACB40}"
EndProject
Project("{2150E333-8FDC-42A3-9474-1A3956D46DE8}") = "tests", "tests", "{0AB3BF05-4346-4AA6-1389-037BE0695223}"
EndProject
Project("{FAE04EC0-301F-11D3-BF4B-00C04F79EFBC}") = "DbRouter.Core.Tests", "tests\DbRouter.Core.Tests\DbRouter.Core.Tests.csproj", "{67FC2B04-088E-4F52-A393-E1E46371D350}"
EndProject
Project("{FAE04EC0-301F-11D3-BF4B-00C04F79EFBC}") = "DbRouter.DependencyInjection", "src\DbRouter.DependencyInjection\DbRouter.DependencyInjection.csproj", "{83ED1DEC-7485-4186-B088-DAF0AD4BA805}"
EndProject
Project("{FAE04EC0-301F-11D3-BF4B-00C04F79EFBC}") = "DbRouter.SqlServer", "src\DbRouter.SqlServer\DbRouter.SqlServer.csproj", "{7EC9BF82-270F-4E99-BF22-862F4CA1DF1C}"
EndProject
Project("{FAE04EC0-301F-11D3-BF4B-00C04F79EFBC}") = "DbRouter.PostgreSql", "src\DbRouter.PostgreSql\DbRouter.PostgreSql.csproj", "{FFAF5031-4145-48F5-B658-18689A8E65D5}"
EndProject
Project("{FAE04EC0-301F-11D3-BF4B-00C04F79EFBC}") = "DbRouter.DependencyInjection.Tests", "tests\DbRouter.DependencyInjection.Tests\DbRouter.DependencyInjection.Tests.csproj", "{104686CC-F6FE-4938-AEB3-1AFCD4462ABC}"
EndProject
Project("{FAE04EC0-301F-11D3-BF4B-00C04F79EFBC}") = "DbRouter.Provider.Tests", "tests\DbRouter.Provider.Tests\DbRouter.Provider.Tests.csproj", "{B1397E8E-459E-418E-B057-C3D2874E4FF6}"
EndProject
Project("{FAE04EC0-301F-11D3-BF4B-00C04F79EFBC}") = "DbRouter.EntityFrameworkCore", "src\DbRouter.EntityFrameworkCore\DbRouter.EntityFrameworkCore.csproj", "{4E38FEA9-50CF-479E-ADAE-F075B35CC548}"
EndProject
Project("{FAE04EC0-301F-11D3-BF4B-00C04F79EFBC}") = "DbRouter.EntityFrameworkCore.Tests", "tests\DbRouter.EntityFrameworkCore.Tests\DbRouter.EntityFrameworkCore.Tests.csproj", "{9B083724-3343-4061-A830-02463C393435}"
EndProject
Project("{2150E333-8FDC-42A3-9474-1A3956D46DE8}") = "benchmarks", "benchmarks", "{66320409-64EC-F7C5-3DEF-65E7510DAAD1}"
EndProject
Project("{FAE04EC0-301F-11D3-BF4B-00C04F79EFBC}") = "DbRouter.Benchmarks", "benchmarks\DbRouter.Benchmarks\DbRouter.Benchmarks.csproj", "{024D2FBA-7F61-40F4-8557-47F3013A95E7}"
EndProject
Global
	GlobalSection(SolutionConfigurationPlatforms) = preSolution
		Debug|Any CPU = Debug|Any CPU
		Debug|x64 = Debug|x64
		Debug|x86 = Debug|x86
		Release|Any CPU = Release|Any CPU
		Release|x64 = Release|x64
		Release|x86 = Release|x86
	EndGlobalSection
	GlobalSection(ProjectConfigurationPlatforms) = postSolution
		{1F725A01-39FA-4E57-8AA6-6E1B06BACB40}.Debug|Any CPU.ActiveCfg = Debug|Any CPU
		{1F725A01-39FA-4E57-8AA6-6E1B06BACB40}.Debug|Any CPU.Build.0 = Debug|Any CPU
		{1F725A01-39FA-4E57-8AA6-6E1B06BACB40}.Debug|x64.ActiveCfg = Debug|Any CPU
		{1F725A01-39FA-4E57-8AA6-6E1B06BACB40}.Debug|x64.Build.0 = Debug|Any CPU
		{1F725A01-39FA-4E57-8AA6-6E1B06BACB40}.Debug|x86.ActiveCfg = Debug|Any CPU
		{1F725A01-39FA-4E57-8AA6-6E1B06BACB40}.Debug|x86.Build.0 = Debug|Any CPU
		{1F725A01-39FA-4E57-8AA6-6E1B06BACB40}.Release|Any CPU.ActiveCfg = Release|Any CPU
		{1F725A01-39FA-4E57-8AA6-6E1B06BACB40}.Release|Any CPU.Build.0 = Release|Any CPU
		{1F725A01-39FA-4E57-8AA6-6E1B06BACB40}.Release|x64.ActiveCfg = Release|Any CPU
		{1F725A01-39FA-4E57-8AA6-6E1B06BACB40}.Release|x64.Build.0 = Release|Any CPU
		{1F725A01-39FA-4E57-8AA6-6E1B06BACB40}.Release|x86.ActiveCfg = Release|Any CPU
		{1F725A01-39FA-4E57-8AA6-6E1B06BACB40}.Release|x86.Build.0 = Release|Any CPU
		{67FC2B04-088E-4F52-A393-E1E46371D350}.Debug|Any CPU.ActiveCfg = Debug|Any CPU
		{67FC2B04-088E-4F52-A393-E1E46371D350}.Debug|Any CPU.Build.0 = Debug|Any CPU
		{67FC2B04-088E-4F52-A393-E1E46371D350}.Debug|x64.ActiveCfg = Debug|Any CPU
		{67FC2B04-088E-4F52-A393-E1E46371D350}.Debug|x64.Build.0 = Debug|Any CPU
		{67FC2B04-088E-4F52-A393-E1E46371D350}.Debug|x86.ActiveCfg = Debug|Any CPU
		{67FC2B04-088E-4F52-A393-E1E46371D350}.Debug|x86.Build.0 = Debug|Any CPU
		{67FC2B04-088E-4F52-A393-E1E46371D350}.Release|Any CPU.ActiveCfg = Release|Any CPU
		{67FC2B04-088E-4F52-A393-E1E46371D350}.Release|Any CPU.Build.0 = Release|Any CPU
		{67FC2B04-088E-4F52-A393-E1E46371D350}.Release|x64.ActiveCfg = Release|Any CPU
		{67FC2B04-088E-4F52-A393-E1E46371D350}.Release|x64.Build.0 = Release|Any CPU
		{67FC2B04-088E-4F52-A393-E1E46371D350}.Release|x86.ActiveCfg = Release|Any CPU
		{67FC2B04-088E-4F52-A393-E1E46371D350}.Release|x86.Build.0 = Release|Any CPU
		{83ED1DEC-7485-4186-B088-DAF0AD4BA805}.Debug|Any CPU.ActiveCfg = Debug|Any CPU
		{83ED1DEC-7485-4186-B088-DAF0AD4BA805}.Debug|Any CPU.Build.0 = Debug|Any CPU
		{83ED1DEC-7485-4186-B088-DAF0AD4BA805}.Debug|x64.ActiveCfg = Debug|Any CPU
		{83ED1DEC-7485-4186-B088-DAF0AD4BA805}.Debug|x64.Build.0 = Debug|Any CPU
		{83ED1DEC-7485-4186-B088-DAF0AD4BA805}.Debug|x86.ActiveCfg = Debug|Any CPU
		{83ED1DEC-7485-4186-B088-DAF0AD4BA805}.Debug|x86.Build.0 = Debug|Any CPU
		{83ED1DEC-7485-4186-B088-DAF0AD4BA805}.Release|Any CPU.ActiveCfg = Release|Any CPU
		{83ED1DEC-7485-4186-B088-DAF0AD4BA805}.Release|Any CPU.Build.0 = Release|Any CPU
		{83ED1DEC-7485-4186-B088-DAF0AD4BA805}.Release|x64.ActiveCfg = Release|Any CPU
		{83ED1DEC-7485-4186-B088-DAF0AD4BA805}.Release|x64.Build.0 = Release|Any CPU
		{83ED1DEC-7485-4186-B088-DAF0AD4BA805}.Release|x86.ActiveCfg = Release|Any CPU
		{83ED1DEC-7485-4186-B088-DAF0AD4BA805}.Release|x86.Build.0 = Release|Any CPU
		{7EC9BF82-270F-4E99-BF22-862F4CA1DF1C}.Debug|Any CPU.ActiveCfg = Debug|Any CPU
		{7EC9BF82-270F-4E99-BF22-862F4CA1DF1C}.Debug|Any CPU.Build.0 = Debug|Any CPU
		{7EC9BF82-270F-4E99-BF22-862F4CA1DF1C}.Debug|x64.ActiveCfg = Debug|Any CPU
		{7EC9BF82-270F-4E99-BF22-862F4CA1DF1C}.Debug|x64.Build.0 = Debug|Any CPU
		{7EC9BF82-270F-4E99-BF22-862F4CA1DF1C}.Debug|x86.ActiveCfg = Debug|Any CPU
		{7EC9BF82-270F-4E99-BF22-862F4CA1DF1C}.Debug|x86.Build.0 = Debug|Any CPU
		{7EC9BF82-270F-4E99-BF22-862F4CA1DF1C}.Release|Any CPU.ActiveCfg = Release|Any CPU
		{7EC9BF82-270F-4E99-BF22-862F4CA1DF1C}.Release|Any CPU.Build.0 = Release|Any CPU
		{7EC9BF82-270F-4E99-BF22-862F4CA1DF1C}.Release|x64.ActiveCfg = Release|Any CPU
		{7EC9BF82-270F-4E99-BF22-862F4CA1DF1C}.Release|x64.Build.0 = Release|Any CPU
		{7EC9BF82-270F-4E99-BF22-862F4CA1DF1C}.Release|x86.ActiveCfg = Release|Any CPU
		{7EC9BF82-270F-4E99-BF22-862F4CA1DF1C}.Release|x86.Build.0 = Release|Any CPU
		{FFAF5031-4145-48F5-B658-18689A8E65D5}.Debug|Any CPU.ActiveCfg = Debug|Any CPU
		{FFAF5031-4145-48F5-B658-18689A8E65D5}.Debug|Any CPU.Build.0 = Debug|Any CPU
		{FFAF5031-4145-48F5-B658-18689A8E65D5}.Debug|x64.ActiveCfg = Debug|Any CPU
		{FFAF5031-4145-48F5-B658-18689A8E65D5}.Debug|x64.Build.0 = Debug|Any CPU
		{FFAF5031-4145-48F5-B658-18689A8E65D5}.Debug|x86.ActiveCfg = Debug|Any CPU
		{FFAF5031-4145-48F5-B658-18689A8E65D5}.Debug|x86.Build.0 = Debug|Any CPU
		{FFAF5031-4145-48F5-B658-18689A8E65D5}.Release|Any CPU.ActiveCfg = Release|Any CPU
		{FFAF5031-4145-48F5-B658-18689A8E65D5}.Release|Any CPU.Build.0 = Release|Any CPU
		{FFAF5031-4145-48F5-B658-18689A8E65D5}.Release|x64.ActiveCfg = Release|Any CPU
		{FFAF5031-4145-48F5-B658-18689A8E65D5}.Release|x64.Build.0 = Release|Any CPU
		{FFAF5031-4145-48F5-B658-18689A8E65D5}.Release|x86.ActiveCfg = Release|Any CPU
		{FFAF5031-4145-48F5-B658-18689A8E65D5}.Release|x86.Build.0 = Release|Any CPU
		{104686CC-F6FE-4938-AEB3-1AFCD4462ABC}.Debug|Any CPU.ActiveCfg = Debug|Any CPU
		{104686CC-F6FE-4938-AEB3-1AFCD4462ABC}.Debug|Any CPU.Build.0 = Debug|Any CPU
		{104686CC-F6FE-4938-AEB3-1AFCD4462ABC}.Debug|x64.ActiveCfg = Debug|Any CPU
		{104686CC-F6FE-4938-AEB3-1AFCD4462ABC}.Debug|x64.Build.0 = Debug|Any CPU
		{104686CC-F6FE-4938-AEB3-1AFCD4462ABC}.Debug|x86.ActiveCfg = Debug|Any CPU
		{104686CC-F6FE-4938-AEB3-1AFCD4462ABC}.Debug|x86.Build.0 = Debug|Any CPU
		{104686CC-F6FE-4938-AEB3-1AFCD4462ABC}.Release|Any CPU.ActiveCfg = Release|Any CPU
		{104686CC-F6FE-4938-AEB3-1AFCD4462ABC}.Release|Any CPU.Build.0 = Release|Any CPU
		{104686CC-F6FE-4938-AEB3-1AFCD4462ABC}.Release|x64.ActiveCfg = Release|Any CPU
		{104686CC-F6FE-4938-AEB3-1AFCD4462ABC}.Release|x64.Build.0 = Release|Any CPU
		{104686CC-F6FE-4938-AEB3-1AFCD4462ABC}.Release|x86.ActiveCfg = Release|Any CPU
		{104686CC-F6FE-4938-AEB3-1AFCD4462ABC}.Release|x86.Build.0 = Release|Any CPU
		{B1397E8E-459E-418E-B057-C3D2874E4FF6}.Debug|Any CPU.ActiveCfg = Debug|Any CPU
		{B1397E8E-459E-418E-B057-C3D2874E4FF6}.Debug|Any CPU.Build.0 = Debug|Any CPU
		{B1397E8E-459E-418E-B057-C3D2874E4FF6}.Debug|x64.ActiveCfg = Debug|Any CPU
		{B1397E8E-459E-418E-B057-C3D2874E4FF6}.Debug|x64.Build.0 = Debug|Any CPU
		{B1397E8E-459E-418E-B057-C3D2874E4FF6}.Debug|x86.ActiveCfg = Debug|Any CPU
		{B1397E8E-459E-418E-B057-C3D2874E4FF6}.Debug|x86.Build.0 = Debug|Any CPU
		{B1397E8E-459E-418E-B057-C3D2874E4FF6}.Release|Any CPU.ActiveCfg = Release|Any CPU
		{B1397E8E-459E-418E-B057-C3D2874E4FF6}.Release|Any CPU.Build.0 = Release|Any CPU
		{B1397E8E-459E-418E-B057-C3D2874E4FF6}.Release|x64.ActiveCfg = Release|Any CPU
		{B1397E8E-459E-418E-B057-C3D2874E4FF6}.Release|x64.Build.0 = Release|Any CPU
		{B1397E8E-459E-418E-B057-C3D2874E4FF6}.Release|x86.ActiveCfg = Release|Any CPU
		{B1397E8E-459E-418E-B057-C3D2874E4FF6}.Release|x86.Build.0 = Release|Any CPU
		{4E38FEA9-50CF-479E-ADAE-F075B35CC548}.Debug|Any CPU.ActiveCfg = Debug|Any CPU
		{4E38FEA9-50CF-479E-ADAE-F075B35CC548}.Debug|Any CPU.Build.0 = Debug|Any CPU
		{4E38FEA9-50CF-479E-ADAE-F075B35CC548}.Debug|x64.ActiveCfg = Debug|Any CPU
		{4E38FEA9-50CF-479E-ADAE-F075B35CC548}.Debug|x64.Build.0 = Debug|Any CPU
		{4E38FEA9-50CF-479E-ADAE-F075B35CC548}.Debug|x86.ActiveCfg = Debug|Any CPU
		{4E38FEA9-50CF-479E-ADAE-F075B35CC548}.Debug|x86.Build.0 = Debug|Any CPU
		{4E38FEA9-50CF-479E-ADAE-F075B35CC548}.Release|Any CPU.ActiveCfg = Release|Any CPU
		{4E38FEA9-50CF-479E-ADAE-F075B35CC548}.Release|Any CPU.Build.0 = Release|Any CPU
		{4E38FEA9-50CF-479E-ADAE-F075B35CC548}.Release|x64.ActiveCfg = Release|Any CPU
		{4E38FEA9-50CF-479E-ADAE-F075B35CC548}.Release|x64.Build.0 = Release|Any CPU
		{4E38FEA9-50CF-479E-ADAE-F075B35CC548}.Release|x86.ActiveCfg = Release|Any CPU
		{4E38FEA9-50CF-479E-ADAE-F075B35CC548}.Release|x86.Build.0 = Release|Any CPU
		{9B083724-3343-4061-A830-02463C393435}.Debug|Any CPU.ActiveCfg = Debug|Any CPU
		{9B083724-3343-4061-A830-02463C393435}.Debug|Any CPU.Build.0 = Debug|Any CPU
		{9B083724-3343-4061-A830-02463C393435}.Debug|x64.ActiveCfg = Debug|Any CPU
		{9B083724-3343-4061-A830-02463C393435}.Debug|x64.Build.0 = Debug|Any CPU
		{9B083724-3343-4061-A830-02463C393435}.Debug|x86.ActiveCfg = Debug|Any CPU
		{9B083724-3343-4061-A830-02463C393435}.Debug|x86.Build.0 = Debug|Any CPU
		{9B083724-3343-4061-A830-02463C393435}.Release|Any CPU.ActiveCfg = Release|Any CPU
		{9B083724-3343-4061-A830-02463C393435}.Release|Any CPU.Build.0 = Release|Any CPU
		{9B083724-3343-4061-A830-02463C393435}.Release|x64.ActiveCfg = Release|Any CPU
		{9B083724-3343-4061-A830-02463C393435}.Release|x64.Build.0 = Release|Any CPU
		{9B083724-3343-4061-A830-02463C393435}.Release|x86.ActiveCfg = Release|Any CPU
		{9B083724-3343-4061-A830-02463C393435}.Release|x86.Build.0 = Release|Any CPU
		{024D2FBA-7F61-40F4-8557-47F3013A95E7}.Debug|Any CPU.ActiveCfg = Debug|Any CPU
		{024D2FBA-7F61-40F4-8557-47F3013A95E7}.Debug|Any CPU.Build.0 = Debug|Any CPU
		{024D2FBA-7F61-40F4-8557-47F3013A95E7}.Debug|x64.ActiveCfg = Debug|Any CPU
		{024D2FBA-7F61-40F4-8557-47F3013A95E7}.Debug|x64.Build.0 = Debug|Any CPU
		{024D2FBA-7F61-40F4-8557-47F3013A95E7}.Debug|x86.ActiveCfg = Debug|Any CPU
		{024D2FBA-7F61-40F4-8557-47F3013A95E7}.Debug|x86.Build.0 = Debug|Any CPU
		{024D2FBA-7F61-40F4-8557-47F3013A95E7}.Release|Any CPU.ActiveCfg = Release|Any CPU
		{024D2FBA-7F61-40F4-8557-47F3013A95E7}.Release|Any CPU.Build.0 = Release|Any CPU
		{024D2FBA-7F61-40F4-8557-47F3013A95E7}.Release|x64.ActiveCfg = Release|Any CPU
		{024D2FBA-7F61-40F4-8557-47F3013A95E7}.Release|x64.Build.0 = Release|Any CPU
		{024D2FBA-7F61-40F4-8557-47F3013A95E7}.Release|x86.ActiveCfg = Release|Any CPU
		{024D2FBA-7F61-40F4-8557-47F3013A95E7}.Release|x86.Build.0 = Release|Any CPU
	EndGlobalSection
	GlobalSection(SolutionProperties) = preSolution
		HideSolutionNode = FALSE
	EndGlobalSection
	GlobalSection(NestedProjects) = preSolution
		{1F725A01-39FA-4E57-8AA6-6E1B06BACB40} = {827E0CD3-B72D-47B6-A68D-7590B98EB39B}
		{67FC2B04-088E-4F52-A393-E1E46371D350} = {0AB3BF05-4346-4AA6-1389-037BE0695223}
		{83ED1DEC-7485-4186-B088-DAF0AD4BA805} = {827E0CD3-B72D-47B6-A68D-7590B98EB39B}
		{7EC9BF82-270F-4E99-BF22-862F4CA1DF1C} = {827E0CD3-B72D-47B6-A68D-7590B98EB39B}
		{FFAF5031-4145-48F5-B658-18689A8E65D5} = {827E0CD3-B72D-47B6-A68D-7590B98EB39B}
		{104686CC-F6FE-4938-AEB3-1AFCD4462ABC} = {0AB3BF05-4346-4AA6-1389-037BE0695223}
		{B1397E8E-459E-418E-B057-C3D2874E4FF6} = {0AB3BF05-4346-4AA6-1389-037BE0695223}
		{4E38FEA9-50CF-479E-ADAE-F075B35CC548} = {827E0CD3-B72D-47B6-A68D-7590B98EB39B}
		{9B083724-3343-4061-A830-02463C393435} = {0AB3BF05-4346-4AA6-1389-037BE0695223}
		{024D2FBA-7F61-40F4-8557-47F3013A95E7} = {66320409-64EC-F7C5-3DEF-65E7510DAAD1}
	EndGlobalSection
EndGlobal
